
Microsoft Visual Studio Solution File, Format Version 12.00
# Visual Studio Version 16
VisualStudioVersion = 16.0.31205.134
MinimumVisualStudioVersion = 10.0.40219.1
Project("{FAE04EC0-301F-11D3-BF4B-00C04F79EFBC}") = "week10", "week10\week10.csproj", "{9E944FE7-F1DF-4689-805D-B8B532B2F497}"
EndProject
Global
	GlobalSection(SolutionConfigurationPlatforms) = preSolution
		Debug|Any CPU = Debug|Any CPU
		Release|Any CPU = Release|Any CPU
	EndGlobalSection
	GlobalSection(ProjectConfigurationPlatforms) = postSolution
		{9E944FE7-F1DF-4689-805D-B8B532B2F497}.Debug|Any CPU.ActiveCfg = Debug|Any CPU
		{9E944FE7-F1DF-4689-805D-B8B532B2F497}.Debug|Any CPU.Build.0 = Debug|Any CPU
		{9E944FE7-F1DF-4689-805D-B8B532B2F497}.Release|Any CPU.ActiveCfg = Release|Any CPU
		{9E944FE7-F1DF-4689-805D-B8B532B2F497}.Release|Any CPU.Build.0 = Release|Any CPU
	EndGlobalSection
	GlobalSection(SolutionProperties) = preSolution
		HideSolutionNode = FALSE
	EndGlobalSection
	GlobalSection(ExtensibilityGlobals) = postSolution
		SolutionGuid = {5B4AD047-6BC6-4DD6-8E8A-B43A3DA16CA0}
	EndGlobalSection
EndGlobal
